// !$*UTF8*$!
{
	archiveVersion = 1;
	classes = {
	};
	objectVersion = 55;
	objects = {

/* Begin PBXBuildFile section */
		A7848B4727F33DEF00E2EDA9 /* cell.swift in Sources */ = {isa = PBXBuildFile; fileRef = A7848B4627F33DEF00E2EDA9 /* cell.swift */; };
		A7848B4927F3415A00E2EDA9 /* Launch.storyboard in Resources */ = {isa = PBXBuildFile; fileRef = A7848B4827F3415A00E2EDA9 /* Launch.storyboard */; };
		A7848B4B27F341CE00E2EDA9 /* SplashViewController.swift in Sources */ = {isa = PBXBuildFile; fileRef = A7848B4A27F341CE00E2EDA9 /* SplashViewController.swift */; };
		A79314C327F2C90000591DB6 /* AppDelegate.swift in Sources */ = {isa = PBXBuildFile; fileRef = A79314C227F2C90000591DB6 /* AppDelegate.swift */; };
		A79314C527F2C90000591DB6 /* SceneDelegate.swift in Sources */ = {isa = PBXBuildFile; fileRef = A79314C427F2C90000591DB6 /* SceneDelegate.swift */; };
		A79314CA27F2C90000591DB6 /* Main.storyboard in Resources */ = {isa = PBXBuildFile; fileRef = A79314C827F2C90000591DB6 /* Main.storyboard */; };
		A79314CC27F2C90100591DB6 /* Assets.xcassets in Resources */ = {isa = PBXBuildFile; fileRef = A79314CB27F2C90100591DB6 /* Assets.xcassets */; };
		A79314D727F2CB4E00591DB6 /* NewsViewController.swift in Sources */ = {isa = PBXBuildFile; fileRef = A79314D627F2CB4E00591DB6 /* NewsViewController.swift */; };
		A79314D927F2CB6500591DB6 /* NewsDetailController.swift in Sources */ = {isa = PBXBuildFile; fileRef = A79314D827F2CB6500591DB6 /* NewsDetailController.swift */; };
		D1E4D5F31EBF382A929973D1 /* Pods_HotTopic.framework in Frameworks */ = {isa = PBXBuildFile; fileRef = 25022179612D562CE37EF0E2 /* Pods_HotTopic.framework */; };
/* End PBXBuildFile section */

/* Begin PBXFileReference section */
		25022179612D562CE37EF0E2 /* Pods_HotTopic.framework */ = {isa = PBXFileReference; explicitFileType = wrapper.framework; includeInIndex = 0; path = Pods_HotTopic.framework; sourceTree = BUILT_PRODUCTS_DIR; };
		55D1619DF16722B75F7EEF0C /* Pods-HotTopic.release.xcconfig */ = {isa = PBXFileReference; includeInIndex = 1; lastKnownFileType = text.xcconfig; name = "Pods-HotTopic.release.xcconfig"; path = "Target Support Files/Pods-HotTopic/Pods-HotTopic.release.xcconfig"; sourceTree = "<group>"; };
		A7848B4627F33DEF00E2EDA9 /* cell.swift */ = {isa = PBXFileReference; lastKnownFileType = sourcecode.swift; path = cell.swift; sourceTree = "<group>"; };
		A7848B4827F3415A00E2EDA9 /* Launch.storyboard */ = {isa = PBXFileReference; lastKnownFileType = file.storyboard; path = Launch.storyboard; sourceTree = "<group>"; };
		A7848B4A27F341CE00E2EDA9 /* SplashViewController.swift */ = {isa = PBXFileReference; lastKnownFileType = sourcecode.swift; path = SplashViewController.swift; sourceTree = "<group>"; };
		A79314BF27F2C90000591DB6 /* HotTopic.app */ = {isa = PBXFileReference; explicitFileType = wrapper.application; includeInIndex = 0; path = HotTopic.app; sourceTree = BUILT_PRODUCTS_DIR; };
		A79314C227F2C90000591DB6 /* AppDelegate.swift */ = {isa = PBXFileReference; lastKnownFileType = sourcecode.swift; path = AppDelegate.swift; sourceTree = "<group>"; };
		A79314C427F2C90000591DB6 /* SceneDelegate.swift */ = {isa = PBXFileReference; lastKnownFileType = sourcecode.swift; path = SceneDelegate.swift; sourceTree = "<group>"; };
		A79314C927F2C90000591DB6 /* Base */ = {isa = PBXFileReference; lastKnownFileType = file.storyboard; name = Base; path = Base.lproj/Main.storyboard; sourceTree = "<group>"; };
		A79314CB27F2C90100591DB6 /* Assets.xcassets */ = {isa = PBXFileReference; lastKnownFileType = folder.assetcatalog; path = Assets.xcassets; sourceTree = "<group>"; };
		A79314D027F2C90100591DB6 /* Info.plist */ = {isa = PBXFileReference; lastKnownFileType = text.plist.xml; path = Info.plist; sourceTree = "<group>"; };
		A79314D627F2CB4E00591DB6 /* NewsViewController.swift */ = {isa = PBXFileReference; lastKnownFileType = sourcecode.swift; path = NewsViewController.swift; sourceTree = "<group>"; };
		A79314D827F2CB6500591DB6 /* NewsDetailController.swift */ = {isa = PBXFileReference; lastKnownFileType = sourcecode.swift; path = NewsDetailController.swift; sourceTree = "<group>"; };
		C43EA489E251B08B888324E2 /* Pods-HotTopic.debug.xcconfig */ = {isa = PBXFileReference; includeInIndex = 1; lastKnownFileType = text.xcconfig; name = "Pods-HotTopic.debug.xcconfig"; path = "Target Support Files/Pods-HotTopic/Pods-HotTopic.debug.xcconfig"; sourceTree = "<group>"; };
/* End PBXFileReference section */

/* Begin PBXFrameworksBuildPhase section */
		A79314BC27F2C90000591DB6 /* Frameworks */ = {
			isa = PBXFrameworksBuildPhase;
			buildActionMask = 2147483647;
			files = (
				D1E4D5F31EBF382A929973D1 /* Pods_HotTopic.framework in Frameworks */,
			);
			runOnlyForDeploymentPostprocessing = 0;
		};
/* End PBXFrameworksBuildPhase section */

/* Begin PBXGroup section */
		7DF9A3832476339CC5E0F441 /* Frameworks */ = {
			isa = PBXGroup;
			children = (
				25022179612D562CE37EF0E2 /* Pods_HotTopic.framework */,
			);
			name = Frameworks;
			sourceTree = "<group>";
		};
		A79314B627F2C90000591DB6 = {
			isa = PBXGroup;
			children = (
				A79314C127F2C90000591DB6 /* HotTopic */,
				A79314C027F2C90000591DB6 /* Products */,
				D23D31B3D92627174F6B5350 /* Pods */,
				7DF9A3832476339CC5E0F441 /* Frameworks */,
			);
			sourceTree = "<group>";
		};
		A79314C027F2C90000591DB6 /* Products */ = {
			isa = PBXGroup;
			children = (
				A79314BF27F2C90000591DB6 /* HotTopic.app */,
			);
			name = Products;
			sourceTree = "<group>";
		};
		A79314C127F2C90000591DB6 /* HotTopic */ = {
			isa = PBXGroup;
			children = (
				A79314C227F2C90000591DB6 /* AppDelegate.swift */,
				A79314C427F2C90000591DB6 /* SceneDelegate.swift */,
				A79314C827F2C90000591DB6 /* Main.storyboard */,
				A79314CB27F2C90100591DB6 /* Assets.xcassets */,
				A79314D027F2C90100591DB6 /* Info.plist */,
				A79314D627F2CB4E00591DB6 /* NewsViewController.swift */,
				A79314D827F2CB6500591DB6 /* NewsDetailController.swift */,
				A7848B4627F33DEF00E2EDA9 /* cell.swift */,
				A7848B4827F3415A00E2EDA9 /* Launch.storyboard */,
				A7848B4A27F341CE00E2EDA9 /* SplashViewController.swift */,
			);
			path = HotTopic;
			sourceTree = "<group>";
		};
		D23D31B3D92627174F6B5350 /* Pods */ = {
			isa = PBXGroup;
			children = (
				C43EA489E251B08B888324E2 /* Pods-HotTopic.debug.xcconfig */,
				55D1619DF16722B75F7EEF0C /* Pods-HotTopic.release.xcconfig */,
			);
			path = Pods;
			sourceTree = "<group>";
		};
/* End PBXGroup section */

/* Begin PBXNativeTarget section */
		A79314BE27F2C90000591DB6 /* HotTopic */ = {
			isa = PBXNativeTarget;
			buildConfigurationList = A79314D327F2C90100591DB6 /* Build configuration list for PBXNativeTarget "HotTopic" */;
			buildPhases = (
				4480C89E1254E1AC35659C87 /* [CP] Check Pods Manifest.lock */,
				A79314BB27F2C90000591DB6 /* Sources */,
				A79314BC27F2C90000591DB6 /* Frameworks */,
				A79314BD27F2C90000591DB6 /* Resources */,
				2A49B09D5EEAF758248C4784 /* [CP] Embed Pods Frameworks */,
			);
			buildRules = (
			);
			dependencies = (
			);
			name = HotTopic;
			productName = HotTopic;
			productReference = A79314BF27F2C90000591DB6 /* HotTopic.app */;
			productType = "com.apple.product-type.application";
		};
/* End PBXNativeTarget section */

/* Begin PBXProject section */
		A79314B727F2C90000591DB6 /* Project object */ = {
			isa = PBXProject;
			attributes = {
				BuildIndependentTargetsInParallel = 1;
				LastSwiftUpdateCheck = 1330;
				LastUpgradeCheck = 1330;
				TargetAttributes = {
					A79314BE27F2C90000591DB6 = {
						CreatedOnToolsVersion = 13.3;
					};
				};
			};
			buildConfigurationList = A79314BA27F2C90000591DB6 /* Build configuration list for PBXProject "HotTopic" */;
			compatibilityVersion = "Xcode 13.0";
			developmentRegion = en;
			hasScannedForEncodings = 0;
			knownRegions = (
				en,
				Base,
			);
			mainGroup = A79314B627F2C90000591DB6;
			productRefGroup = A79314C027F2C90000591DB6 /* Products */;
			projectDirPath = "";
			projectRoot = "";
			targets = (
				A79314BE27F2C90000591DB6 /* HotTopic */,
			);
		};
/* End PBXProject section */

/* Begin PBXResourcesBuildPhase section */
		A79314BD27F2C90000591DB6 /* Resources */ = {
			isa = PBXResourcesBuildPhase;
			buildActionMask = 2147483647;
			files = (
				A79314CC27F2C90100591DB6 /* Assets.xcassets in Resources */,
				A79314CA27F2C90000591DB6 /* Main.storyboard in Resources */,
				A7848B4927F3415A00E2EDA9 /* Launch.storyboard in Resources */,
			);
			runOnlyForDeploymentPostprocessing = 0;
		};
/* End PBXResourcesBuildPhase section */

/* Begin PBXShellScriptBuildPhase section */
		2A49B09D5EEAF758248C4784 /* [CP] Embed Pods Frameworks */ = {
			isa = PBXShellScriptBuildPhase;
			buildActionMask = 2147483647;
			files = (
			);
			inputFileListPaths = (
				"${PODS_ROOT}/Target Support Files/Pods-HotTopic/Pods-HotTopic-frameworks-${CONFIGURATION}-input-files.xcfilelist",
			);
			name = "[CP] Embed Pods Frameworks";
			outputFileListPaths = (
				"${PODS_ROOT}/Target Support Files/Pods-HotTopic/Pods-HotTopic-frameworks-${CONFIGURATION}-output-files.xcfilelist",
			);
			runOnlyForDeploymentPostprocessing = 0;
			shellPath = /bin/sh;
			shellScript = "\"${PODS_ROOT}/Target Support Files/Pods-HotTopic/Pods-HotTopic-frameworks.sh\"\n";
			showEnvVarsInLog = 0;
		};
		4480C89E1254E1AC35659C87 /* [CP] Check Pods Manifest.lock */ = {
			isa = PBXShellScriptBuildPhase;
			buildActionMask = 2147483647;
			files = (
			);
			inputFileListPaths = (
			);
			inputPaths = (
				"${PODS_PODFILE_DIR_PATH}/Podfile.lock",
				"${PODS_ROOT}/Manifest.lock",
			);
			name = "[CP] Check Pods Manifest.lock";
			outputFileListPaths = (
			);
			outputPaths = (
				"$(DERIVED_FILE_DIR)/Pods-HotTopic-checkManifestLockResult.txt",
			);
			runOnlyForDeploymentPostprocessing = 0;
			shellPath = /bin/sh;
			shellScript = "diff \"${PODS_PODFILE_DIR_PATH}/Podfile.lock\" \"${PODS_ROOT}/Manifest.lock\" > /dev/null\nif [ $? != 0 ] ; then\n    # print error to STDERR\n    echo \"error: The sandbox is not in sync with the Podfile.lock. Run 'pod install' or update your CocoaPods installation.\" >&2\n    exit 1\nfi\n# This output is used by Xcode 'outputs' to avoid re-running this script phase.\necho \"SUCCESS\" > \"${SCRIPT_OUTPUT_FILE_0}\"\n";
			showEnvVarsInLog = 0;
		};
/* End PBXShellScriptBuildPhase section */

/* Begin PBXSourcesBuildPhase section */
		A79314BB27F2C90000591DB6 /* Sources */ = {
			isa = PBXSourcesBuildPhase;
			buildActionMask = 2147483647;
			files = (
				A7848B4727F33DEF00E2EDA9 /* cell.swift in Sources */,
				A79314D927F2CB6500591DB6 /* NewsDetailController.swift in Sources */,
				A79314C327F2C90000591DB6 /* AppDelegate.swift in Sources */,
				A7848B4B27F341CE00E2EDA9 /* SplashViewController.swift in Sources */,
				A79314C527F2C90000591DB6 /* SceneDelegate.swift in Sources */,
				A79314D727F2CB4E00591DB6 /* NewsViewController.swift in Sources */,
			);
			runOnlyForDeploymentPostprocessing = 0;
		};
/* End PBXSourcesBuildPhase section */

/* Begin PBXVariantGroup section */
		A79314C827F2C90000591DB6 /* Main.storyboard */ = {
			isa = PBXVariantGroup;
			children = (
				A79314C927F2C90000591DB6 /* Base */,
			);
			name = Main.storyboard;
			sourceTree = "<group>";
		};
/* End PBXVariantGroup section */

/* Begin XCBuildConfiguration section */
		A79314D127F2C90100591DB6 /* Debug */ = {
			isa = XCBuildConfiguration;
			buildSettings = {
				ALWAYS_SEARCH_USER_PATHS = NO;
				CLANG_ANALYZER_NONNULL = YES;
				CLANG_ANALYZER_NUMBER_OBJECT_CONVERSION = YES_AGGRESSIVE;
				CLANG_CXX_LANGUAGE_STANDARD = "gnu++17";
				CLANG_ENABLE_MODULES = YES;
				CLANG_ENABLE_OBJC_ARC = YES;
				CLANG_ENABLE_OBJC_WEAK = YES;
				CLANG_WARN_BLOCK_CAPTURE_AUTORELEASING = YES;
				CLANG_WARN_BOOL_CONVERSION = YES;
				CLANG_WARN_COMMA = YES;
				CLANG_WARN_CONSTANT_CONVERSION = YES;
				CLANG_WARN_DEPRECATED_OBJC_IMPLEMENTATIONS = YES;
				CLANG_WARN_DIRECT_OBJC_ISA_USAGE = YES_ERROR;
				CLANG_WARN_DOCUMENTATION_COMMENTS = YES;
				CLANG_WARN_EMPTY_BODY = YES;
				CLANG_WARN_ENUM_CONVERSION = YES;
				CLANG_WARN_INFINITE_RECURSION = YES;
				CLANG_WARN_INT_CONVERSION = YES;
				CLANG_WARN_NON_LITERAL_NULL_CONVERSION = YES;
				CLANG_WARN_OBJC_IMPLICIT_RETAIN_SELF = YES;
				CLANG_WARN_OBJC_LITERAL_CONVERSION = YES;
				CLANG_WARN_OBJC_ROOT_CLASS = YES_ERROR;
				CLANG_WARN_QUOTED_INCLUDE_IN_FRAMEWORK_HEADER = YES;
				CLANG_WARN_RANGE_LOOP_ANALYSIS = YES;
				CLANG_WARN_STRICT_PROTOTYPES = YES;
				CLANG_WARN_SUSPICIOUS_MOVE = YES;
				CLANG_WARN_UNGUARDED_AVAILABILITY = YES_AGGRESSIVE;
				CLANG_WARN_UNREACHABLE_CODE = YES;
				CLANG_WARN__DUPLICATE_METHOD_MATCH = YES;
				COPY_PHASE_STRIP = NO;
				DEBUG_INFORMATION_FORMAT = dwarf;
				ENABLE_STRICT_OBJC_MSGSEND = YES;
				ENABLE_TESTABILITY = YES;
				GCC_C_LANGUAGE_STANDARD = gnu11;
				GCC_DYNAMIC_NO_PIC = NO;
				GCC_NO_COMMON_BLOCKS = YES;
				GCC_OPTIMIZATION_LEVEL = 0;
				GCC_PREPROCESSOR_DEFINITIONS = (
					"DEBUG=1",
					"$(inherited)",
				);
				GCC_WARN_64_TO_32_BIT_CONVERSION = YES;
				GCC_WARN_ABOUT_RETURN_TYPE = YES_ERROR;
				GCC_WARN_UNDECLARED_SELECTOR = YES;
				GCC_WARN_UNINITIALIZED_AUTOS = YES_AGGRESSIVE;
				GCC_WARN_UNUSED_FUNCTION = YES;
				GCC_WARN_UNUSED_VARIABLE = YES;
				IPHONEOS_DEPLOYMENT_TARGET = 15.4;
				MTL_ENABLE_DEBUG_INFO = INCLUDE_SOURCE;
				MTL_FAST_MATH = YES;
				ONLY_ACTIVE_ARCH = YES;
				SDKROOT = iphoneos;
				SWIFT_ACTIVE_COMPILATION_CONDITIONS = DEBUG;
				SWIFT_OPTIMIZATION_LEVEL = "-Onone";
			};
			name = Debug;
		};
		A79314D227F2C90100591DB6 /* Release */ = {
			isa = XCBuildConfiguration;
			buildSettings = {
				ALWAYS_SEARCH_USER_PATHS = NO;
				CLANG_ANALYZER_NONNULL = YES;
				CLANG_ANALYZER_NUMBER_OBJECT_CONVERSION = YES_AGGRESSIVE;
				CLANG_CXX_LANGUAGE_STANDARD = "gnu++17";
				CLANG_ENABLE_MODULES = YES;
				CLANG_ENABLE_OBJC_ARC = YES;
				CLANG_ENABLE_OBJC_WEAK = YES;
				CLANG_WARN_BLOCK_CAPTURE_AUTORELEASING = YES;
				CLANG_WARN_BOOL_CONVERSION = YES;
				CLANG_WARN_COMMA = YES;
				CLANG_WARN_CONSTANT_CONVERSION = YES;
				CLANG_WARN_DEPRECATED_OBJC_IMPLEMENTATIONS = YES;
				CLANG_WARN_DIRECT_OBJC_ISA_USAGE = YES_ERROR;
				CLANG_WARN_DOCUMENTATION_COMMENTS = YES;
				CLANG_WARN_EMPTY_BODY = YES;
				CLANG_WARN_ENUM_CONVERSION = YES;
				CLANG_WARN_INFINITE_RECURSION = YES;
				CLANG_WARN_INT_CONVERSION = YES;
				CLANG_WARN_NON_LITERAL_NULL_CONVERSION = YES;
				CLANG_WARN_OBJC_IMPLICIT_RETAIN_SELF = YES;
				CLANG_WARN_OBJC_LITERAL_CONVERSION = YES;
				CLANG_WARN_OBJC_ROOT_CLASS = YES_ERROR;
				CLANG_WARN_QUOTED_INCLUDE_IN_FRAMEWORK_HEADER = YES;
				CLANG_WARN_RANGE_LOOP_ANALYSIS = YES;
				CLANG_WARN_STRICT_PROTOTYPES = YES;
				CLANG_WARN_SUSPICIOUS_MOVE = YES;
				CLANG_WARN_UNGUARDED_AVAILABILITY = YES_AGGRESSIVE;
				CLANG_WARN_UNREACHABLE_CODE = YES;
				CLANG_WARN__DUPLICATE_METHOD_MATCH = YES;
				COPY_PHASE_STRIP = NO;
				DEBUG_INFORMATION_FORMAT = "dwarf-with-dsym";
				ENABLE_NS_ASSERTIONS = NO;
				ENABLE_STRICT_OBJC_MSGSEND = YES;
				GCC_C_LANGUAGE_STANDARD = gnu11;
				GCC_NO_COMMON_BLOCKS = YES;
				GCC_WARN_64_TO_32_BIT_CONVERSION = YES;
				GCC_WARN_ABOUT_RETURN_TYPE = YES_ERROR;
				GCC_WARN_UNDECLARED_SELECTOR = YES;
				GCC_WARN_UNINITIALIZED_AUTOS = YES_AGGRESSIVE;
				GCC_WARN_UNUSED_FUNCTION = YES;
				GCC_WARN_UNUSED_VARIABLE = YES;
				IPHONEOS_DEPLOYMENT_TARGET = 15.4;
				MTL_ENABLE_DEBUG_INFO = NO;
				MTL_FAST_MATH = YES;
				SDKROOT = iphoneos;
				SWIFT_COMPILATION_MODE = wholemodule;
				SWIFT_OPTIMIZATION_LEVEL = "-O";
				VALIDATE_PRODUCT = YES;
			};
			name = Release;
		};
		A79314D427F2C90100591DB6 /* Debug */ = {
			isa = XCBuildConfiguration;
			baseConfigurationReference = C43EA489E251B08B888324E2 /* Pods-HotTopic.debug.xcconfig */;
			buildSettings = {
				ASSETCATALOG_COMPILER_APPICON_NAME = AppIcon;
				ASSETCATALOG_COMPILER_GLOBAL_ACCENT_COLOR_NAME = AccentColor;
				CODE_SIGN_STYLE = Automatic;
				CURRENT_PROJECT_VERSION = 1;
				DEVELOPMENT_TEAM = 7NH9VZ775Y;
				GENERATE_INFOPLIST_FILE = YES;
				INFOPLIST_FILE = HotTopic/Info.plist;
				INFOPLIST_KEY_UIApplicationSupportsIndirectInputEvents = YES;
				INFOPLIST_KEY_UILaunchStoryboardName = LaunchScreen;
				INFOPLIST_KEY_UIMainStoryboardFile = Main;
				INFOPLIST_KEY_UISupportedInterfaceOrientations_iPad = "UIInterfaceOrientationPortrait UIInterfaceOrientationPortraitUpsideDown UIInterfaceOrientationLandscapeLeft UIInterfaceOrientationLandscapeRight";
				INFOPLIST_KEY_UISupportedInterfaceOrientations_iPhone = "UIInterfaceOrientationPortrait UIInterfaceOrientationLandscapeLeft UIInterfaceOrientationLandscapeRight";
				LD_RUNPATH_SEARCH_PATHS = (
					"$(inherited)",
					"@executable_path/Frameworks",
				);
				MARKETING_VERSION = 1.0;
				PRODUCT_BUNDLE_IDENTIFIER = thingko.HotTopic;
				PRODUCT_NAME = "$(TARGET_NAME)";
				SWIFT_EMIT_LOC_STRINGS = YES;
				SWIFT_VERSION = 5.0;
				TARGETED_DEVICE_FAMILY = 1;
			};
			name = Debug;
		};
		A79314D527F2C90100591DB6 /* Release */ = {
			isa = XCBuildConfiguration;
			baseConfigurationReference = 55D1619DF16722B75F7EEF0C /* Pods-HotTopic.release.xcconfig */;
			buildSettings = {
				ASSETCATALOG_COMPILER_APPICON_NAME = AppIcon;
				ASSETCATALOG_COMPILER_GLOBAL_ACCENT_COLOR_NAME = AccentColor;
				CODE_SIGN_STYLE = Automatic;
				CURRENT_PROJECT_VERSION = 1;
				DEVELOPMENT_TEAM = 7NH9VZ775Y;
				GENERATE_INFOPLIST_FILE = YES;
				INFOPLIST_FILE = HotTopic/Info.plist;
				INFOPLIST_KEY_UIApplicationSupportsIndirectInputEvents = YES;
				INFOPLIST_KEY_UILaunchStoryboardName = LaunchScreen;
				INFOPLIST_KEY_UIMainStoryboardFile = Main;
				INFOPLIST_KEY_UISupportedInterfaceOrientations_iPad = "UIInterfaceOrientationPortrait UIInterfaceOrientationPortraitUpsideDown UIInterfaceOrientationLandscapeLeft UIInterfaceOrientationLandscapeRight";
				INFOPLIST_KEY_UISupportedInterfaceOrientations_iPhone = "UIInterfaceOrientationPortrait UIInterfaceOrientationLandscapeLeft UIInterfaceOrientationLandscapeRight";
				LD_RUNPATH_SEARCH_PATHS = (
					"$(inherited)",
					"@executable_path/Frameworks",
				);
				MARKETING_VERSION = 1.0;
				PRODUCT_BUNDLE_IDENTIFIER = thingko.HotTopic;
				PRODUCT_NAME = "$(TARGET_NAME)";
				SWIFT_EMIT_LOC_STRINGS = YES;
				SWIFT_VERSION = 5.0;
				TARGETED_DEVICE_FAMILY = 1;
			};
			name = Release;
		};
/* End XCBuildConfiguration section */

/* Begin XCConfigurationList section */
		A79314BA27F2C90000591DB6 /* Build configuration list for PBXProject "HotTopic" */ = {
			isa = XCConfigurationList;
			buildConfigurations = (
				A79314D127F2C90100591DB6 /* Debug */,
				A79314D227F2C90100591DB6 /* Release */,
			);
			defaultConfigurationIsVisible = 0;
			defaultConfigurationName = Release;
		};
		A79314D327F2C90100591DB6 /* Build configuration list for PBXNativeTarget "HotTopic" */ = {
			isa = XCConfigurationList;
			buildConfigurations = (
				A79314D427F2C90100591DB6 /* Debug */,
				A79314D527F2C90100591DB6 /* Release */,
			);
			defaultConfigurationIsVisible = 0;
			defaultConfigurationName = Release;
		};
/* End XCConfigurationList section */
	};
	rootObject = A79314B727F2C90000591DB6 /* Project object */;
}
